// !$*UTF8*$!
{
	archiveVersion = 1;
	classes = {
	};
	objectVersion = 46;
	objects = {

/* Begin PBXBuildFile section */
		A932DBC21A78B7C700961787 /* main.m in Sources */ = {isa = PBXBuildFile; fileRef = A932DBC11A78B7C700961787 /* main.m */; };
		A932DBC51A78B7C700961787 /* AppDelegate.m in Sources */ = {isa = PBXBuildFile; fileRef = A932DBC41A78B7C700961787 /* AppDelegate.m */; };
		A932DBC81A78B7C700961787 /* ViewController.m in Sources */ = {isa = PBXBuildFile; fileRef = A932DBC71A78B7C700961787 /* ViewController.m */; };
		A932DBCB1A78B7C700961787 /* Main.storyboard in Resources */ = {isa = PBXBuildFile; fileRef = A932DBC91A78B7C700961787 /* Main.storyboard */; };
		A932DBCD1A78B7C700961787 /* Images.xcassets in Resources */ = {isa = PBXBuildFile; fileRef = A932DBCC1A78B7C700961787 /* Images.xcassets */; };
		A932DBD01A78B7C700961787 /* LaunchScreen.xib in Resources */ = {isa = PBXBuildFile; fileRef = A932DBCE1A78B7C700961787 /* LaunchScreen.xib */; };
		A932DBDC1A78B7C700961787 /* Reaction_TimeTests.m in Sources */ = {isa = PBXBuildFile; fileRef = A932DBDB1A78B7C700961787 /* Reaction_TimeTests.m */; };
/* End PBXBuildFile section */

/* Begin PBXContainerItemProxy section */
		A932DBD61A78B7C700961787 /* PBXContainerItemProxy */ = {
			isa = PBXContainerItemProxy;
			containerPortal = A932DBB41A78B7C700961787 /* Project object */;
			proxyType = 1;
			remoteGlobalIDString = A932DBBB1A78B7C700961787;
			remoteInfo = "Reaction Time";
		};
/* End PBXContainerItemProxy section */

/* Begin PBXFileReference section */
		A932DBBC1A78B7C700961787 /* Reaction Time.app */ = {isa = PBXFileReference; explicitFileType = wrapper.application; includeInIndex = 0; path = "Reaction Time.app"; sourceTree = BUILT_PRODUCTS_DIR; };
		A932DBC01A78B7C700961787 /* Info.plist */ = {isa = PBXFileReference; lastKnownFileType = text.plist.xml; path = Info.plist; sourceTree = "<group>"; };
		A932DBC11A78B7C700961787 /* main.m */ = {isa = PBXFileReference; lastKnownFileType = sourcecode.c.objc; path = main.m; sourceTree = "<group>"; };
		A932DBC31A78B7C700961787 /* AppDelegate.h */ = {isa = PBXFileReference; lastKnownFileType = sourcecode.c.h; path = AppDelegate.h; sourceTree = "<group>"; };
		A932DBC41A78B7C700961787 /* AppDelegate.m */ = {isa = PBXFileReference; lastKnownFileType = sourcecode.c.objc; path = AppDelegate.m; sourceTree = "<group>"; };
		A932DBC61A78B7C700961787 /* ViewController.h */ = {isa = PBXFileReference; lastKnownFileType = sourcecode.c.h; path = ViewController.h; sourceTree = "<group>"; };
		A932DBC71A78B7C700961787 /* ViewController.m */ = {isa = PBXFileReference; lastKnownFileType = sourcecode.c.objc; path = ViewController.m; sourceTree = "<group>"; };
		A932DBCA1A78B7C700961787 /* Base */ = {isa = PBXFileReference; lastKnownFileType = file.storyboard; name = Base; path = Base.lproj/Main.storyboard; sourceTree = "<group>"; };
		A932DBCC1A78B7C700961787 /* Images.xcassets */ = {isa = PBXFileReference; lastKnownFileType = folder.assetcatalog; path = Images.xcassets; sourceTree = "<group>"; };
		A932DBCF1A78B7C700961787 /* Base */ = {isa = PBXFileReference; lastKnownFileType = file.xib; name = Base; path = Base.lproj/LaunchScreen.xib; sourceTree = "<group>"; };
		A932DBD51A78B7C700961787 /* Reaction TimeTests.xctest */ = {isa = PBXFileReference; explicitFileType = wrapper.cfbundle; includeInIndex = 0; path = "Reaction TimeTests.xctest"; sourceTree = BUILT_PRODUCTS_DIR; };
		A932DBDA1A78B7C700961787 /* Info.plist */ = {isa = PBXFileReference; lastKnownFileType = text.plist.xml; path = Info.plist; sourceTree = "<group>"; };
		A932DBDB1A78B7C700961787 /* Reaction_TimeTests.m */ = {isa = PBXFileReference; lastKnownFileType = sourcecode.c.objc; path = Reaction_TimeTests.m; sourceTree = "<group>"; };
/* End PBXFileReference section */

/* Begin PBXFrameworksBuildPhase section */
		A932DBB91A78B7C700961787 /* Frameworks */ = {
			isa = PBXFrameworksBuildPhase;
			buildActionMask = 2147483647;
			files = (
			);
			runOnlyForDeploymentPostprocessing = 0;
		};
		A932DBD21A78B7C700961787 /* Frameworks */ = {
			isa = PBXFrameworksBuildPhase;
			buildActionMask = 2147483647;
			files = (
			);
			runOnlyForDeploymentPostprocessing = 0;
		};
/* End PBXFrameworksBuildPhase section */

/* Begin PBXGroup section */
		A932DBB31A78B7C700961787 = {
			isa = PBXGroup;
			children = (
				A932DBBE1A78B7C700961787 /* Reaction Time */,
				A932DBD81A78B7C700961787 /* Reaction TimeTests */,
				A932DBBD1A78B7C700961787 /* Products */,
			);
			sourceTree = "<group>";
		};
		A932DBBD1A78B7C700961787 /* Products */ = {
			isa = PBXGroup;
			children = (
				A932DBBC1A78B7C700961787 /* Reaction Time.app */,
				A932DBD51A78B7C700961787 /* Reaction TimeTests.xctest */,
			);
			name = Products;
			sourceTree = "<group>";
		};
		A932DBBE1A78B7C700961787 /* Reaction Time */ = {
			isa = PBXGroup;
			children = (
				A932DBC31A78B7C700961787 /* AppDelegate.h */,
				A932DBC41A78B7C700961787 /* AppDelegate.m */,
				A932DBC61A78B7C700961787 /* ViewController.h */,
				A932DBC71A78B7C700961787 /* ViewController.m */,
				A932DBC91A78B7C700961787 /* Main.storyboard */,
				A932DBCC1A78B7C700961787 /* Images.xcassets */,
				A932DBCE1A78B7C700961787 /* LaunchScreen.xib */,
				A932DBBF1A78B7C700961787 /* Supporting Files */,
			);
			path = "Reaction Time";
			sourceTree = "<group>";
		};
		A932DBBF1A78B7C700961787 /* Supporting Files */ = {
			isa = PBXGroup;
			children = (
				A932DBC01A78B7C700961787 /* Info.plist */,
				A932DBC11A78B7C700961787 /* main.m */,
			);
			name = "Supporting Files";
			sourceTree = "<group>";
		};
		A932DBD81A78B7C700961787 /* Reaction TimeTests */ = {
			isa = PBXGroup;
			children = (
				A932DBDB1A78B7C700961787 /* Reaction_TimeTests.m */,
				A932DBD91A78B7C700961787 /* Supporting Files */,
			);
			path = "Reaction TimeTests";
			sourceTree = "<group>";
		};
		A932DBD91A78B7C700961787 /* Supporting Files */ = {
			isa = PBXGroup;
			children = (
				A932DBDA1A78B7C700961787 /* Info.plist */,
			);
			name = "Supporting Files";
			sourceTree = "<group>";
		};
/* End PBXGroup section */

/* Begin PBXNativeTarget section */
		A932DBBB1A78B7C700961787 /* Reaction Time */ = {
			isa = PBXNativeTarget;
			buildConfigurationList = A932DBDF1A78B7C700961787 /* Build configuration list for PBXNativeTarget "Reaction Time" */;
			buildPhases = (
				A932DBB81A78B7C700961787 /* Sources */,
				A932DBB91A78B7C700961787 /* Frameworks */,
				A932DBBA1A78B7C700961787 /* Resources */,
			);
			buildRules = (
			);
			dependencies = (
			);
			name = "Reaction Time";
			productName = "Reaction Time";
			productReference = A932DBBC1A78B7C700961787 /* Reaction Time.app */;
			productType = "com.apple.product-type.application";
		};
		A932DBD41A78B7C700961787 /* Reaction TimeTests */ = {
			isa = PBXNativeTarget;
			buildConfigurationList = A932DBE21A78B7C700961787 /* Build configuration list for PBXNativeTarget "Reaction TimeTests" */;
			buildPhases = (
				A932DBD11A78B7C700961787 /* Sources */,
				A932DBD21A78B7C700961787 /* Frameworks */,
				A932DBD31A78B7C700961787 /* Resources */,
			);
			buildRules = (
			);
			dependencies = (
				A932DBD71A78B7C700961787 /* PBXTargetDependency */,
			);
			name = "Reaction TimeTests";
			productName = "Reaction TimeTests";
			productReference = A932DBD51A78B7C700961787 /* Reaction TimeTests.xctest */;
			productType = "com.apple.product-type.bundle.unit-test";
		};
/* End PBXNativeTarget section */

/* Begin PBXProject section */
		A932DBB41A78B7C700961787 /* Project object */ = {
			isa = PBXProject;
			attributes = {
				LastUpgradeCheck = 0610;
				ORGANIZATIONNAME = Domingo;
				TargetAttributes = {
					A932DBBB1A78B7C700961787 = {
						CreatedOnToolsVersion = 6.1.1;
						DevelopmentTeam = G42GQX8PD2;
					};
					A932DBD41A78B7C700961787 = {
						CreatedOnToolsVersion = 6.1.1;
						TestTargetID = A932DBBB1A78B7C700961787;
					};
				};
			};
			buildConfigurationList = A932DBB71A78B7C700961787 /* Build configuration list for PBXProject "Reaction Time" */;
			compatibilityVersion = "Xcode 3.2";
			developmentRegion = English;
			hasScannedForEncodings = 0;
			knownRegions = (
				en,
				Base,
			);
			mainGroup = A932DBB31A78B7C700961787;
			productRefGroup = A932DBBD1A78B7C700961787 /* Products */;
			projectDirPath = "";
			projectRoot = "";
			targets = (
				A932DBBB1A78B7C700961787 /* Reaction Time */,
				A932DBD41A78B7C700961787 /* Reaction TimeTests */,
			);
		};
/* End PBXProject section */

/* Begin PBXResourcesBuildPhase section */
		A932DBBA1A78B7C700961787 /* Resources */ = {
			isa = PBXResourcesBuildPhase;
			buildActionMask = 2147483647;
			files = (
				A932DBCB1A78B7C700961787 /* Main.storyboard in Resources */,
				A932DBD01A78B7C700961787 /* LaunchScreen.xib in Resources */,
				A932DBCD1A78B7C700961787 /* Images.xcassets in Resources */,
			);
			runOnlyForDeploymentPostprocessing = 0;
		};
		A932DBD31A78B7C700961787 /* Resources */ = {
			isa = PBXResourcesBuildPhase;
			buildActionMask = 2147483647;
			files = (
			);
			runOnlyForDeploymentPostprocessing = 0;
		};
/* End PBXResourcesBuildPhase section */

/* Begin PBXSourcesBuildPhase section */
		A932DBB81A78B7C700961787 /* Sources */ = {
			isa = PBXSourcesBuildPhase;
			buildActionMask = 2147483647;
			files = (
				A932DBC81A78B7C700961787 /* ViewController.m in Sources */,
				A932DBC51A78B7C700961787 /* AppDelegate.m in Sources */,
				A932DBC21A78B7C700961787 /* main.m in Sources */,
			);
			runOnlyForDeploymentPostprocessing = 0;
		};
		A932DBD11A78B7C700961787 /* Sources */ = {
			isa = PBXSourcesBuildPhase;
			buildActionMask = 2147483647;
			files = (
				A932DBDC1A78B7C700961787 /* Reaction_TimeTests.m in Sources */,
			);
			runOnlyForDeploymentPostprocessing = 0;
		};
/* End PBXSourcesBuildPhase section */

/* Begin PBXTargetDependency section */
		A932DBD71A78B7C700961787 /* PBXTargetDependency */ = {
			isa = PBXTargetDependency;
			target = A932DBBB1A78B7C700961787 /* Reaction Time */;
			targetProxy = A932DBD61A78B7C700961787 /* PBXContainerItemProxy */;
		};
/* End PBXTargetDependency section */

/* Begin PBXVariantGroup section */
		A932DBC91A78B7C700961787 /* Main.storyboard */ = {
			isa = PBXVariantGroup;
			children = (
				A932DBCA1A78B7C700961787 /* Base */,
			);
			name = Main.storyboard;
			sourceTree = "<group>";
		};
		A932DBCE1A78B7C700961787 /* LaunchScreen.xib */ = {
			isa = PBXVariantGroup;
			children = (
				A932DBCF1A78B7C700961787 /* Base */,
			);
			name = LaunchScreen.xib;
			sourceTree = "<group>";
		};
/* End PBXVariantGroup section */

/* Begin XCBuildConfiguration section */
		A932DBDD1A78B7C700961787 /* Debug */ = {
			isa = XCBuildConfiguration;
			buildSettings = {
				ALWAYS_SEARCH_USER_PATHS = NO;
				CLANG_CXX_LANGUAGE_STANDARD = "gnu++0x";
				CLANG_CXX_LIBRARY = "libc++";
				CLANG_ENABLE_MODULES = YES;
				CLANG_ENABLE_OBJC_ARC = YES;
				CLANG_WARN_BOOL_CONVERSION = YES;
				CLANG_WARN_CONSTANT_CONVERSION = YES;
				CLANG_WARN_DIRECT_OBJC_ISA_USAGE = YES_ERROR;
				CLANG_WARN_EMPTY_BODY = YES;
				CLANG_WARN_ENUM_CONVERSION = YES;
				CLANG_WARN_INT_CONVERSION = YES;
				CLANG_WARN_OBJC_ROOT_CLASS = YES_ERROR;
				CLANG_WARN_UNREACHABLE_CODE = YES;
				CLANG_WARN__DUPLICATE_METHOD_MATCH = YES;
				"CODE_SIGN_IDENTITY[sdk=iphoneos*]" = "iPhone Developer";
				COPY_PHASE_STRIP = NO;
				ENABLE_STRICT_OBJC_MSGSEND = YES;
				GCC_C_LANGUAGE_STANDARD = gnu99;
				GCC_DYNAMIC_NO_PIC = NO;
				GCC_OPTIMIZATION_LEVEL = 0;
				GCC_PREPROCESSOR_DEFINITIONS = (
					"DEBUG=1",
					"$(inherited)",
				);
				GCC_SYMBOLS_PRIVATE_EXTERN = NO;
				GCC_WARN_64_TO_32_BIT_CONVERSION = YES;
				GCC_WARN_ABOUT_RETURN_TYPE = YES_ERROR;
				GCC_WARN_UNDECLARED_SELECTOR = YES;
				GCC_WARN_UNINITIALIZED_AUTOS = YES_AGGRESSIVE;
				GCC_WARN_UNUSED_FUNCTION = YES;
				GCC_WARN_UNUSED_VARIABLE = YES;
				IPHONEOS_DEPLOYMENT_TARGET = 8.1;
				MTL_ENABLE_DEBUG_INFO = YES;
				ONLY_ACTIVE_ARCH = YES;
				SDKROOT = iphoneos;
				TARGETED_DEVICE_FAMILY = 2;
			};
			name = Debug;
		};
		A932DBDE1A78B7C700961787 /* Release */ = {
			isa = XCBuildConfiguration;
			buildSettings = {
				ALWAYS_SEARCH_USER_PATHS = NO;
				CLANG_CXX_LANGUAGE_STANDARD = "gnu++0x";
				CLANG_CXX_LIBRARY = "libc++";
				CLANG_ENABLE_MODULES = YES;
				CLANG_ENABLE_OBJC_ARC = YES;
				CLANG_WARN_BOOL_CONVERSION = YES;
				CLANG_WARN_CONSTANT_CONVERSION = YES;
				CLANG_WARN_DIRECT_OBJC_ISA_USAGE = YES_ERROR;
				CLANG_WARN_EMPTY_BODY = YES;
				CLANG_WARN_ENUM_CONVERSION = YES;
				CLANG_WARN_INT_CONVERSION = YES;
				CLANG_WARN_OBJC_ROOT_CLASS = YES_ERROR;
				CLANG_WARN_UNREACHABLE_CODE = YES;
				CLANG_WARN__DUPLICATE_METHOD_MATCH = YES;
				"CODE_SIGN_IDENTITY[sdk=iphoneos*]" = "iPhone Developer";
				COPY_PHASE_STRIP = YES;
				ENABLE_NS_ASSERTIONS = NO;
				ENABLE_STRICT_OBJC_MSGSEND = YES;
				GCC_C_LANGUAGE_STANDARD = gnu99;
				GCC_WARN_64_TO_32_BIT_CONVERSION = YES;
				GCC_WARN_ABOUT_RETURN_TYPE = YES_ERROR;
				GCC_WARN_UNDECLARED_SELECTOR = YES;
				GCC_WARN_UNINITIALIZED_AUTOS = YES_AGGRESSIVE;
				GCC_WARN_UNUSED_FUNCTION = YES;
				GCC_WARN_UNUSED_VARIABLE = YES;
				IPHONEOS_DEPLOYMENT_TARGET = 8.1;
				MTL_ENABLE_DEBUG_INFO = NO;
				SDKROOT = iphoneos;
				TARGETED_DEVICE_FAMILY = 2;
				VALIDATE_PRODUCT = YES;
			};
			name = Release;
		};
		A932DBE01A78B7C700961787 /* Debug */ = {
			isa = XCBuildConfiguration;
			buildSettings = {
				ASSETCATALOG_COMPILER_APPICON_NAME = AppIcon;
				CODE_SIGN_IDENTITY = "iPhone Developer";
				INFOPLIST_FILE = "Reaction Time/Info.plist";
				IPHONEOS_DEPLOYMENT_TARGET = 8.1.2;
				LD_RUNPATH_SEARCH_PATHS = "$(inherited) @executable_path/Frameworks";
				PRODUCT_NAME = "$(TARGET_NAME)";
			};
			name = Debug;
		};
		A932DBE11A78B7C700961787 /* Release */ = {
			isa = XCBuildConfiguration;
			buildSettings = {
				ASSETCATALOG_COMPILER_APPICON_NAME = AppIcon;
				CODE_SIGN_IDENTITY = "iPhone Developer";
				INFOPLIST_FILE = "Reaction Time/Info.plist";
				IPHONEOS_DEPLOYMENT_TARGET = 8.1.2;
				LD_RUNPATH_SEARCH_PATHS = "$(inherited) @executable_path/Frameworks";
				PRODUCT_NAME = "$(TARGET_NAME)";
			};
			name = Release;
		};
		A932DBE31A78B7C700961787 /* Debug */ = {
			isa = XCBuildConfiguration;
			buildSettings = {
				BUNDLE_LOADER = "$(TEST_HOST)";
				FRAMEWORK_SEARCH_PATHS = (
					"$(SDKROOT)/Developer/Library/Frameworks",
					"$(inherited)",
				);
				GCC_PREPROCESSOR_DEFINITIONS = (
					"DEBUG=1",
					"$(inherited)",
				);
				INFOPLIST_FILE = "Reaction TimeTests/Info.plist";
				LD_RUNPATH_SEARCH_PATHS = "$(inherited) @executable_path/Frameworks @loader_path/Frameworks";
				PRODUCT_NAME = "$(TARGET_NAME)";
				TEST_HOST = "$(BUILT_PRODUCTS_DIR)/Reaction Time.app/Reaction Time";
			};
			name = Debug;
		};
		A932DBE41A78B7C700961787 /* Release */ = {
			isa = XCBuildConfiguration;
			buildSettings = {
				BUNDLE_LOADER = "$(TEST_HOST)";
				FRAMEWORK_SEARCH_PATHS = (
					"$(SDKROOT)/Developer/Library/Frameworks",
					"$(inherited)",
				);
				INFOPLIST_FILE = "Reaction TimeTests/Info.plist";
				LD_RUNPATH_SEARCH_PATHS = "$(inherited) @executable_path/Frameworks @loader_path/Frameworks";
				PRODUCT_NAME = "$(TARGET_NAME)";
				TEST_HOST = "$(BUILT_PRODUCTS_DIR)/Reaction Time.app/Reaction Time";
			};
			name = Release;
		};
/* End XCBuildConfiguration section */

/* Begin XCConfigurationList section */
		A932DBB71A78B7C700961787 /* Build configuration list for PBXProject "Reaction Time" */ = {
			isa = XCConfigurationList;
			buildConfigurations = (
				A932DBDD1A78B7C700961787 /* Debug */,
				A932DBDE1A78B7C700961787 /* Release */,
			);
			defaultConfigurationIsVisible = 0;
			defaultConfigurationName = Release;
		};
		A932DBDF1A78B7C700961787 /* Build configuration list for PBXNativeTarget "Reaction Time" */ = {
			isa = XCConfigurationList;
			buildConfigurations = (
				A932DBE01A78B7C700961787 /* Debug */,
				A932DBE11A78B7C700961787 /* Release */,
			);
			defaultConfigurationIsVisible = 0;
			defaultConfigurationName = Release;
		};
		A932DBE21A78B7C700961787 /* Build configuration list for PBXNativeTarget "Reaction TimeTests" */ = {
			isa = XCConfigurationList;
			buildConfigurations = (
				A932DBE31A78B7C700961787 /* Debug */,
				A932DBE41A78B7C700961787 /* Release */,
			);
			defaultConfigurationIsVisible = 0;
			defaultConfigurationName = Release;
		};
/* End XCConfigurationList section */
	};
	rootObject = A932DBB41A78B7C700961787 /* Project object */;
}
